# @generated by Move, please check-in and do not edit manually.

[move]
version = 3
manifest_digest = "35A84A17568B058B68ABA3477D84EF4EEBF17CD8C1960E2569412DE3BD0D0E94"
deps_digest = "F8BBB0CCB2491CA29A3DF03D6F92277A4F3574266507ACD77214D37ECA3F3082"
dependencies = [
  { id = "Sui", name = "Sui" },
]

[[move.package]]
id = "MoveStdlib"
source = { git = "https://github.com/MystenLabs/sui.git", rev = "framework/testnet", subdir = "crates/sui-framework/packages/move-stdlib" }

[[move.package]]
id = "Sui"
source = { git = "https://github.com/MystenLabs/sui.git", rev = "framework/testnet", subdir = "crates/sui-framework/packages/sui-framework" }

dependencies = [
  { id = "MoveStdlib", name = "MoveStdlib" },
]

[move.toolchain-version]
compiler-version = "1.38.1"
edition = "2024.beta"
flavor = "sui"

[env]

[env.testnet]
chain-id = "4c78adac"
original-published-id = "0xea649851809ab93bdea439e54459d6064f16d74e9b9c5d14da1a939c24f6cea5"
latest-published-id = "0xea649851809ab93bdea439e54459d6064f16d74e9b9c5d14da1a939c24f6cea5"
published-version = "1"
